{
  "version": 1,
  "dependencies": {
    "net10.0": {
      "Microsoft.NET.Test.Sdk": {
        "type": "Direct",
        "requested": "[17.14.1, )",
        "resolved": "17.14.1",
        "contentHash": "HJKqKOE+vshXra2aEHpi2TlxYX7Z9VFYkr+E5rwEvHC8eIXiyO+K9kNm8vmNom3e2rA56WqxU+/N9NJlLGXsJQ==",
        "dependencies": {
          "Microsoft.CodeCoverage": "17.14.1",
          "Microsoft.TestPlatform.TestHost": "17.14.1"
        }
      },
      "xunit": {
        "type": "Direct",
        "requested": "[2.9.3, )",
        "resolved": "2.9.3",
        "contentHash": "TlXQBinK35LpOPKHAqbLY4xlEen9TBafjs0V5KnA4wZsoQLQJiirCR4CbIXvOH8NzkW4YeJKP5P/Bnrodm0h9Q==",
        "dependencies": {
          "xunit.analyzers": "1.18.0",
          "xunit.assert": "2.9.3",
          "xunit.core": "[2.9.3]"
        }
      },
      "xunit.runner.visualstudio": {
        "type": "Direct",
        "requested": "[3.1.4, )",
        "resolved": "3.1.4",
        "contentHash": "5mj99LvCqrq3CNi06xYdyIAXOEh+5b33F2nErCzI5zWiDdLHXiPXEWFSUAF8zlIv0ZWqjZNCwHTQeAPYbF3pCg=="
      },
      "CsvHelper": {
        "type": "Transitive",
        "resolved": "33.1.0",
        "contentHash": "kqfTOZGrn7NarNeXgjh86JcpTHUoeQDMB8t9NVa/ZtlSYiV1rxfRnQ49WaJsob4AiGrbK0XDzpyKkBwai4F8eg=="
      },
      "Microsoft.AspNet.WebApi.Client": {
        "type": "Transitive",
        "resolved": "5.2.7",
        "contentHash": "/76fAHknzvFqbznS6Uj2sOyE9rJB3PltY+f53TH8dX9RiGhk02EhuFCWljSj5nnqKaTsmma8DFR50OGyQ4yJ1g==",
        "dependencies": {
          "Newtonsoft.Json": "10.0.1",
          "Newtonsoft.Json.Bson": "1.0.1"
        }
      },
      "Microsoft.CodeCoverage": {
        "type": "Transitive",
        "resolved": "17.14.1",
        "contentHash": "pmTrhfFIoplzFVbhVwUquT+77CbGH+h4/3mBpdmIlYtBi9nAB+kKI6dN3A/nV4DFi3wLLx/BlHIPK+MkbQ6Tpg=="
      },
      "Microsoft.IdentityModel.Abstractions": {
        "type": "Transitive",
        "resolved": "7.4.0",
        "contentHash": "Y5wvSoKT6G9gi94FmTwyMCRDjMBVwCnDTXT9yyy95jS3lq3IRXJ/Fh+tqmsluA181RzAtXgK5SsvGGkcWm2n0g=="
      },
      "Microsoft.IdentityModel.JsonWebTokens": {
        "type": "Transitive",
        "resolved": "7.4.0",
        "contentHash": "8Gxy/KSjzEXg4hEyMvR0EsuLpaYLERoX1grIxechhoS8ugUyVvX9zxhMUg0EC/Oi3slhQ+rWrvN6M/M26RnRLQ==",
        "dependencies": {
          "Microsoft.IdentityModel.Tokens": "7.4.0"
        }
      },
      "Microsoft.IdentityModel.Logging": {
        "type": "Transitive",
        "resolved": "7.4.0",
        "contentHash": "TuCWnlQprih0PieviKAdvHtjuVLUjEBymEUlBqAe8BUBWlMjB7eHaZ1pi5mkPR5bbrVWLYu8/qiMVc0+neE6dQ==",
        "dependencies": {
          "Microsoft.IdentityModel.Abstractions": "7.4.0"
        }
      },
      "Microsoft.IdentityModel.Tokens": {
        "type": "Transitive",
        "resolved": "7.4.0",
        "contentHash": "2GXnFtFNv51QaIFw7pC3+OSRG+wDxj53MY6o6DRFFp/wAsTUTeasN+7Gkc6zSuI4cbrU9KXSVzs2cnW6EQ5szg==",
        "dependencies": {
          "Microsoft.IdentityModel.Logging": "7.4.0"
        }
      },
      "Microsoft.NETCore.Platforms": {
        "type": "Transitive",
        "resolved": "1.1.0",
        "contentHash": "kz0PEW2lhqygehI/d6XsPCQzD7ff7gUJaVGPVETX611eadGsA3A877GdSlU0LRVMCTH/+P3o2iDTak+S08V2+A=="
      },
      "Microsoft.TestPlatform.ObjectModel": {
        "type": "Transitive",
        "resolved": "17.14.1",
        "contentHash": "xTP1W6Mi6SWmuxd3a+jj9G9UoC850WGwZUps1Wah9r1ZxgXhdJfj1QqDLJkFjHDCvN42qDL2Ps5KjQYWUU0zcQ=="
      },
      "Microsoft.TestPlatform.TestHost": {
        "type": "Transitive",
        "resolved": "17.14.1",
        "contentHash": "d78LPzGKkJwsJXAQwsbJJ7LE7D1wB+rAyhHHAaODF+RDSQ0NgMjDFkSA1Djw18VrxO76GlKAjRUhl+H8NL8Z+Q==",
        "dependencies": {
          "Microsoft.TestPlatform.ObjectModel": "17.14.1",
          "Newtonsoft.Json": "13.0.3"
        }
      },
      "NETStandard.Library": {
        "type": "Transitive",
        "resolved": "1.6.1",
        "contentHash": "WcSp3+vP+yHNgS8EV5J7pZ9IRpeDuARBPN28by8zqff1wJQXm26PVU8L3/fYLBJVU7BtDyqNVWq2KlCVvSSR4A==",
        "dependencies": {
          "Microsoft.NETCore.Platforms": "1.1.0"
        }
      },
      "Newtonsoft.Json": {
        "type": "Transitive",
        "resolved": "13.0.3",
        "contentHash": "HrC5BXdl00IP9zeV+0Z848QWPAoCr9P3bDEZguI+gkLcBKAOxix/tLEAAHC+UvDNPv4a2d18lOReHMOagPa+zQ=="
      },
      "Newtonsoft.Json.Bson": {
        "type": "Transitive",
        "resolved": "1.0.1",
        "contentHash": "5PYT/IqQ+UK31AmZiSS102R6EsTo+LGTSI8bp7WAUqDKaF4wHXD8U9u4WxTI1vc64tYi++8p3dk3WWNqPFgldw==",
        "dependencies": {
          "NETStandard.Library": "1.6.1",
          "Newtonsoft.Json": "10.0.1"
        }
      },
      "System.ComponentModel.Annotations": {
        "type": "Transitive",
        "resolved": "4.7.0",
        "contentHash": "0YFqjhp/mYkDGpU0Ye1GjE53HMp9UVfGN7seGpAMttAC0C40v5gw598jCgpbBLMmCo0E5YRLBv5Z2doypO49ZQ=="
      },
      "System.IdentityModel.Tokens.Jwt": {
        "type": "Transitive",
        "resolved": "7.4.0",
        "contentHash": "9XayJBAY+Bs7+ISFJ6BXJuCf6q9DyP8rsn/D1uNaKHDLyADjeKLRDa5YbFRfSBo/+8cuMzlD2VIUR4VuAPoK7w==",
        "dependencies": {
          "Microsoft.IdentityModel.JsonWebTokens": "7.4.0",
          "Microsoft.IdentityModel.Tokens": "7.4.0"
        }
      },
      "Ungerboeck.Api.Models": {
        "type": "Transitive",
        "resolved": "1.262.8.1",
        "contentHash": "yOK31Ts1DuL5976+qcq1rr13OtkUKhGQjHgfuLrdOcgcMk+dkz4OrC37NsGBqTE7SbIoMQLgbN9nbj0Lz48JFg=="
      },
      "Ungerboeck.Api.Sdk": {
        "type": "Transitive",
        "resolved": "1.262.8.1",
        "contentHash": "E4P9rTD7pMs9MhKxPoY9aLjwD6OeM+vggclahjHWp9fgUrZsNcECCCgwkyPKDymXBz6MSe2k9ORY0B8bw3Xb/Q==",
        "dependencies": {
          "Microsoft.AspNet.WebApi.Client": "5.2.7",
          "Microsoft.IdentityModel.Tokens": "7.4.0",
          "Newtonsoft.Json": "13.0.1",
          "System.ComponentModel.Annotations": "4.7.0",
          "System.IdentityModel.Tokens.Jwt": "7.4.0",
          "Ungerboeck.Api.Models": "1.262.8.1"
        }
      },
      "xunit.abstractions": {
        "type": "Transitive",
        "resolved": "2.0.3",
        "contentHash": "pot1I4YOxlWjIb5jmwvvQNbTrZ3lJQ+jUGkGjWE3hEFM0l5gOnBWS+H3qsex68s5cO52g+44vpGzhAt+42vwKg=="
      },
      "xunit.analyzers": {
        "type": "Transitive",
        "resolved": "1.18.0",
        "contentHash": "OtFMHN8yqIcYP9wcVIgJrq01AfTxijjAqVDy/WeQVSyrDC1RzBWeQPztL49DN2syXRah8TYnfvk035s7L95EZQ=="
      },
      "xunit.assert": {
        "type": "Transitive",
        "resolved": "2.9.3",
        "contentHash": "/Kq28fCE7MjOV42YLVRAJzRF0WmEqsmflm0cfpMjGtzQ2lR5mYVj1/i0Y8uDAOLczkL3/jArrwehfMD0YogMAA=="
      },
      "xunit.core": {
        "type": "Transitive",
        "resolved": "2.9.3",
        "contentHash": "BiAEvqGvyme19wE0wTKdADH+NloYqikiU0mcnmiNyXaF9HyHmE6sr/3DC5vnBkgsWaE6yPyWszKSPSApWdRVeQ==",
        "dependencies": {
          "xunit.extensibility.core": "[2.9.3]",
          "xunit.extensibility.execution": "[2.9.3]"
        }
      },
      "xunit.extensibility.core": {
        "type": "Transitive",
        "resolved": "2.9.3",
        "contentHash": "kf3si0YTn2a8J8eZNb+zFpwfoyvIrQ7ivNk5ZYA5yuYk1bEtMe4DxJ2CF/qsRgmEnDr7MnW1mxylBaHTZ4qErA==",
        "dependencies": {
          "xunit.abstractions": "2.0.3"
        }
      },
      "xunit.extensibility.execution": {
        "type": "Transitive",
        "resolved": "2.9.3",
        "contentHash": "yMb6vMESlSrE3Wfj7V6cjQ3S4TXdXpRqYeNEI3zsX31uTsGMJjEw6oD5F5u1cHnMptjhEECnmZSsPxB6ChZHDQ==",
        "dependencies": {
          "xunit.extensibility.core": "[2.9.3]"
        }
      },
      "gldatamillpull": {
        "type": "Project",
        "dependencies": {
          "CsvHelper": "[33.1.0, )",
          "Ungerboeck.Api.Sdk": "[1.262.8.1, )"
        }
      }
    }
  }
}